<?xml version="1.0" encoding="utf-8"?>
<Project ToolsVersion="4.0" xmlns="http://schemas.microsoft.com/developer/msbuild/2003">
  <ItemGroup>
    <Filter Include="98.Default">
      <UniqueIdentifier>{b467f3ef-3a4f-4910-9d8b-32984f10175a}</UniqueIdentifier>
    </Filter>
    <Filter Include="00.MainApp">
      <UniqueIdentifier>{26f44b19-48b8-43fc-9375-cdf76bb234ec}</UniqueIdentifier>
    </Filter>
    <Filter Include="99.Defines">
      <UniqueIdentifier>{58c9acbd-476a-4f98-a5ff-d88db36efe19}</UniqueIdentifier>
    </Filter>
    <Filter Include="01.Levels">
      <UniqueIdentifier>{7e1d8f73-4353-4848-a46d-3724efe7e658}</UniqueIdentifier>
    </Filter>
    <Filter Include="02.GameObjects">
      <UniqueIdentifier>{6545733c-14dc-4cec-8e7c-3e5b0ad75c3f}</UniqueIdentifier>
    </Filter>
    <Filter Include="01.Levels\00.Loader">
      <UniqueIdentifier>{d34b4313-2969-4649-ac63-5be3b1783f75}</UniqueIdentifier>
    </Filter>
    <Filter Include="01.Levels\01.Logo">
      <UniqueIdentifier>{5267b1be-398c-4f1f-8043-c7305aa0e1d2}</UniqueIdentifier>
    </Filter>
    <Filter Include="01.Levels\02.GamePlay">
      <UniqueIdentifier>{35c5c360-0a21-4524-b3bd-78fd1a809214}</UniqueIdentifier>
    </Filter>
    <Filter Include="02.GameObjects\00.BackGround">
      <UniqueIdentifier>{57566d9b-4982-490a-9436-a60395b8dd99}</UniqueIdentifier>
    </Filter>
    <Filter Include="97.ShaderFiles">
      <UniqueIdentifier>{ffd39a2b-4897-4694-bc2f-d9c96bf2d061}</UniqueIdentifier>
    </Filter>
    <Filter Include="02.GameObjects\01.Terrain">
      <UniqueIdentifier>{6cd33bd8-14ca-4499-8f92-7d7ff986c039}</UniqueIdentifier>
    </Filter>
    <Filter Include="02.GameObjects\99.GameObj">
      <UniqueIdentifier>{701d7561-2a2e-4eab-b54e-11fdc7498453}</UniqueIdentifier>
    </Filter>
    <Filter Include="02.GameObjects\02.Map">
      <UniqueIdentifier>{02cbd942-76bf-4716-ab1d-88fbc83ee3e4}</UniqueIdentifier>
    </Filter>
    <Filter Include="02.GameObjects\02.Map\00.BattleField">
      <UniqueIdentifier>{4baccdec-6f70-4d67-b21d-587b1aa08110}</UniqueIdentifier>
    </Filter>
    <Filter Include="03.UI">
      <UniqueIdentifier>{9f5b62f3-8f25-4092-b437-3914a5ba6d02}</UniqueIdentifier>
    </Filter>
    <Filter Include="04.Effect">
      <UniqueIdentifier>{fe3725ee-5fd5-41aa-a76f-ed316cb11c2e}</UniqueIdentifier>
    </Filter>
    <Filter Include="02.GameObjects\02.Map\01.MeshObj_Static">
      <UniqueIdentifier>{32e5c8cf-ccb0-43da-a7e8-c1c8dbcf2218}</UniqueIdentifier>
    </Filter>
    <Filter Include="96.Data_Manager">
      <UniqueIdentifier>{bc13d5da-b1a6-467d-ad39-0f08ad6428fe}</UniqueIdentifier>
    </Filter>
    <Filter Include="02.GameObjects\02.Map\02.MeshObj_Instancing_Static">
      <UniqueIdentifier>{08b0d043-af6d-454f-97f3-a99aa70574c0}</UniqueIdentifier>
    </Filter>
    <Filter Include="02.GameObjects\02.Map\99.Terrain">
      <UniqueIdentifier>{7a4aff2a-9f9c-48f3-b326-ed6a6b776aea}</UniqueIdentifier>
    </Filter>
    <Filter Include="03.UI\00.Logo">
      <UniqueIdentifier>{2f8e4730-5ebe-4023-af42-d66e6ab5488b}</UniqueIdentifier>
    </Filter>
    <Filter Include="03.UI\01.Loading">
      <UniqueIdentifier>{86a435e6-88b4-4e83-a147-d37f2d1fe70b}</UniqueIdentifier>
    </Filter>
    <Filter Include="03.UI\02.Battle">
      <UniqueIdentifier>{2c738be8-7e49-4283-85ee-bdde3e36cfe9}</UniqueIdentifier>
    </Filter>
    <Filter Include="03.UI\02.Battle\BattleTop">
      <UniqueIdentifier>{3dbbb170-5f90-4505-a32d-16e079f555bc}</UniqueIdentifier>
    </Filter>
    <Filter Include="03.UI\02.Battle\BattleTop\Gague">
      <UniqueIdentifier>{7468f66b-7dde-4907-8f33-0809535f75d8}</UniqueIdentifier>
    </Filter>
    <Filter Include="03.UI\02.Battle\BattleTop\Gague\GaugeBase">
      <UniqueIdentifier>{2c6858a8-dbc5-43ee-8f50-c8a29b42df7b}</UniqueIdentifier>
    </Filter>
    <Filter Include="03.UI\02.Battle\BattleTop\Gague\Bar">
      <UniqueIdentifier>{55b03674-1311-42bb-8cc8-8d825681cbbb}</UniqueIdentifier>
    </Filter>
    <Filter Include="03.UI\02.Battle\BattleTop\Gague\Bar\SKill">
      <UniqueIdentifier>{e3766e25-e780-4ac0-bf26-4eab85eb8f18}</UniqueIdentifier>
    </Filter>
    <Filter Include="03.UI\02.Battle\BattleTop\Gague\Bar\Hp">
      <UniqueIdentifier>{9a2bb412-3cbe-43c8-a73e-946a9e5c7551}</UniqueIdentifier>
    </Filter>
    <Filter Include="03.UI\02.Battle\BattleTop\Gague\Bar\Back">
      <UniqueIdentifier>{278d1fdc-1c1c-483f-92e4-8f1e1339e7c1}</UniqueIdentifier>
    </Filter>
    <Filter Include="03.UI\02.Battle\BattleTop\Gague\Deco">
      <UniqueIdentifier>{ea268c37-2dc0-4fb6-82e6-d17ec73d99b4}</UniqueIdentifier>
    </Filter>
    <Filter Include="02.GameObjects\99.GameObj\00.Characters">
      <UniqueIdentifier>{96c91331-09ab-4aac-bf63-0d3d355df99f}</UniqueIdentifier>
    </Filter>
    <Filter Include="02.GameObjects\99.GameObj\00.Characters\01.Char">
      <UniqueIdentifier>{231c3f44-d8bd-43c8-b33d-2d96e1a57fe8}</UniqueIdentifier>
    </Filter>
    <Filter Include="02.GameObjects\99.GameObj\00.Characters\01.Char\01.Rui">
      <UniqueIdentifier>{396662d3-d3da-475a-a2f9-a83369f2fe77}</UniqueIdentifier>
    </Filter>
    <Filter Include="02.GameObjects\99.GameObj\00.Characters\01.Char\00.Tanjiro">
      <UniqueIdentifier>{aec952ec-fe07-4002-b9c4-8c6a0fac524c}</UniqueIdentifier>
    </Filter>
    <Filter Include="02.GameObjects\99.GameObj\00.Characters\01.Char\00.Tanjiro\TanjiroState">
      <UniqueIdentifier>{16caab30-47a9-443e-9517-7c0b5f92f97d}</UniqueIdentifier>
    </Filter>
    <Filter Include="02.GameObjects\99.GameObj\00.Characters\01.Char\00.Tanjiro\TanjiroState\Idle">
      <UniqueIdentifier>{06f6152a-5959-4bba-93fb-df3dfc590ec7}</UniqueIdentifier>
    </Filter>
    <Filter Include="02.GameObjects\99.GameObj\00.Characters\01.Char\00.Tanjiro\TanjiroState\Move">
      <UniqueIdentifier>{b3fbdb14-f363-4c40-9d45-118aeebc237a}</UniqueIdentifier>
    </Filter>
    <Filter Include="02.GameObjects\99.GameObj\00.Characters\01.Char\00.Tanjiro\TanjiroState\Jump">
      <UniqueIdentifier>{757b88c0-ac87-434c-b129-e83c7166eab0}</UniqueIdentifier>
    </Filter>
    <Filter Include="02.GameObjects\99.GameObj\00.Characters\01.Char\02.Kyoujuro">
      <UniqueIdentifier>{b5e55ae6-1d11-41da-a130-1abb867bcc28}</UniqueIdentifier>
    </Filter>
    <Filter Include="02.GameObjects\99.GameObj\00.Characters\01.Char\02.Kyoujuro\Sheath">
      <UniqueIdentifier>{b4871925-76bb-432f-8e57-685c75aab43d}</UniqueIdentifier>
    </Filter>
    <Filter Include="02.GameObjects\99.GameObj\00.Characters\01.Char\02.Kyoujuro\Weapon">
      <UniqueIdentifier>{a40c6a1c-96db-431c-be67-67a5fdbdf442}</UniqueIdentifier>
    </Filter>
    <Filter Include="02.GameObjects\99.GameObj\00.Characters\01.Char\03.Akaza">
      <UniqueIdentifier>{33d76ee3-95a4-493f-92d9-8dd10348afd8}</UniqueIdentifier>
    </Filter>
    <Filter Include="02.GameObjects\99.GameObj\00.Characters\00.Player">
      <UniqueIdentifier>{659557ea-ef16-4743-a036-c75deba40809}</UniqueIdentifier>
    </Filter>
    <Filter Include="02.GameObjects\99.GameObj\00.Characters\01.Char\00.Tanjiro\Sheath">
      <UniqueIdentifier>{e3570abc-182a-4fa0-81d0-f919eba2f0d9}</UniqueIdentifier>
    </Filter>
    <Filter Include="02.GameObjects\99.GameObj\00.Characters\01.Char\00.Tanjiro\Weapon">
      <UniqueIdentifier>{192f7c65-8c5c-42e9-850d-a0a2562cb913}</UniqueIdentifier>
    </Filter>
  </ItemGroup>
  <ItemGroup>
    <Text Include="ReadMe.txt" />
  </ItemGroup>
  <ItemGroup>
    <ClInclude Include="Client.h">
      <Filter>98.Default</Filter>
    </ClInclude>
    <ClInclude Include="Resource.h">
      <Filter>98.Default</Filter>
    </ClInclude>
    <ClInclude Include="stdafx.h">
      <Filter>98.Default</Filter>
    </ClInclude>
    <ClInclude Include="targetver.h">
      <Filter>98.Default</Filter>
    </ClInclude>
    <ClInclude Include="..\Public\MainApp.h">
      <Filter>00.MainApp</Filter>
    </ClInclude>
    <ClInclude Include="..\Public\Client_Defines.h">
      <Filter>99.Defines</Filter>
    </ClInclude>
    <ClInclude Include="..\Public\Camera_Dynamic.h">
      <Filter>02.GameObjects</Filter>
    </ClInclude>
    <ClInclude Include="..\Public\Level_GamePlay.h">
      <Filter>01.Levels\02.GamePlay</Filter>
    </ClInclude>
    <ClInclude Include="..\Public\Level_Loading.h">
      <Filter>01.Levels\00.Loader</Filter>
    </ClInclude>
    <ClInclude Include="..\Public\Loader.h">
      <Filter>01.Levels\00.Loader</Filter>
    </ClInclude>
    <ClInclude Include="..\Public\Level_Logo.h">
      <Filter>01.Levels\01.Logo</Filter>
    </ClInclude>
    <ClInclude Include="..\public\BackGround.h">
      <Filter>02.GameObjects\00.BackGround</Filter>
    </ClInclude>
    <ClInclude Include="..\Public\Terrain.h">
      <Filter>02.GameObjects\01.Terrain</Filter>
    </ClInclude>
    <ClInclude Include="..\public\GameObj.h">
      <Filter>02.GameObjects\99.GameObj</Filter>
    </ClInclude>
    <ClInclude Include="..\Bin\ShaderFiles\Client_Shader_Defines.hpp">
      <Filter>97.ShaderFiles</Filter>
    </ClInclude>
    <ClInclude Include="..\public\Player.h">
      <Filter>02.GameObjects\99.GameObj\00.Characters\00.Player</Filter>
    </ClInclude>
    <ClInclude Include="..\public\BattleField.h">
      <Filter>02.GameObjects\02.Map\00.BattleField</Filter>
    </ClInclude>
    <ClInclude Include="..\Public\Data_Manager.h">
      <Filter>96.Data_Manager</Filter>
    </ClInclude>
    <ClInclude Include="..\public\Rui.h">
      <Filter>02.GameObjects\99.GameObj\00.Characters\01.Char\01.Rui</Filter>
    </ClInclude>
    <ClInclude Include="..\Public\MeshObj_Static.h">
      <Filter>02.GameObjects\02.Map\01.MeshObj_Static</Filter>
    </ClInclude>
    <ClInclude Include="..\Public\MeshObj_Static_Inst.h">
      <Filter>02.GameObjects\02.Map\02.MeshObj_Instancing_Static</Filter>
    </ClInclude>
    <ClInclude Include="..\Public\Akaza.h">
      <Filter>02.GameObjects\99.GameObj\00.Characters\01.Char\03.Akaza</Filter>
    </ClInclude>
    <ClInclude Include="..\Public\TanjiroState.h">
      <Filter>02.GameObjects\99.GameObj\00.Characters\01.Char\00.Tanjiro\TanjiroState</Filter>
    </ClInclude>
    <ClInclude Include="..\Public\TanjiroMoveState.h">
      <Filter>02.GameObjects\99.GameObj\00.Characters\01.Char\00.Tanjiro\TanjiroState\Move</Filter>
    </ClInclude>
    <ClInclude Include="..\Public\TanjiroIdleState.h">
      <Filter>02.GameObjects\99.GameObj\00.Characters\01.Char\00.Tanjiro\TanjiroState\Idle</Filter>
    </ClInclude>
    <ClInclude Include="..\Public\Kyoujuro.h">
      <Filter>02.GameObjects\99.GameObj\00.Characters\01.Char\02.Kyoujuro</Filter>
    </ClInclude>
    <ClInclude Include="..\Public\Tanjiro.h">
      <Filter>02.GameObjects\99.GameObj\00.Characters\01.Char\00.Tanjiro</Filter>
    </ClInclude>
    <ClInclude Include="..\Public\TanjiroJumpState.h">
      <Filter>02.GameObjects\99.GameObj\00.Characters\01.Char\00.Tanjiro\TanjiroState\Jump</Filter>
    </ClInclude>
    <ClInclude Include="..\Public\SkillBar.h">
      <Filter>03.UI\02.Battle\BattleTop\Gague\Bar\SKill</Filter>
    </ClInclude>
    <ClInclude Include="..\Public\GaugeBase.h">
      <Filter>03.UI\02.Battle\BattleTop\Gague\GaugeBase</Filter>
    </ClInclude>
    <ClInclude Include="..\Public\HpBar.h">
      <Filter>03.UI\02.Battle\BattleTop\Gague\Bar\Hp</Filter>
    </ClInclude>
    <ClInclude Include="..\Public\HpBarBack.h">
      <Filter>03.UI\02.Battle\BattleTop\Gague\Bar\Back</Filter>
    </ClInclude>
    <ClInclude Include="..\Public\HpBarDeco.h">
      <Filter>03.UI\02.Battle\BattleTop\Gague\Deco</Filter>
    </ClInclude>
    <ClInclude Include="..\Public\KyoujuroWeapon.h">
      <Filter>02.GameObjects\99.GameObj\00.Characters\01.Char\02.Kyoujuro\Weapon</Filter>
    </ClInclude>
    <ClInclude Include="..\Public\KyoujuroSheath.h">
      <Filter>02.GameObjects\99.GameObj\00.Characters\01.Char\02.Kyoujuro\Sheath</Filter>
    </ClInclude>
    <ClInclude Include="..\public\Characters.h">
      <Filter>02.GameObjects\99.GameObj\00.Characters</Filter>
    </ClInclude>
    <ClInclude Include="..\Public\TanjiroSheath.h">
      <Filter>02.GameObjects\99.GameObj\00.Characters\01.Char\00.Tanjiro\Sheath</Filter>
    </ClInclude>
    <ClInclude Include="..\Public\TanjiroWeapon.h">
      <Filter>02.GameObjects\99.GameObj\00.Characters\01.Char\00.Tanjiro\Weapon</Filter>
    </ClInclude>
  </ItemGroup>
  <ItemGroup>
    <ClCompile Include="Client.cpp">
      <Filter>98.Default</Filter>
    </ClCompile>
    <ClCompile Include="stdafx.cpp">
      <Filter>98.Default</Filter>
    </ClCompile>
    <ClCompile Include="..\Private\MainApp.cpp">
      <Filter>00.MainApp</Filter>
    </ClCompile>
    <ClCompile Include="..\Private\Level_GamePlay.cpp">
      <Filter>01.Levels\02.GamePlay</Filter>
    </ClCompile>
    <ClCompile Include="..\Private\Level_Loading.cpp">
      <Filter>01.Levels\00.Loader</Filter>
    </ClCompile>
    <ClCompile Include="..\Private\Loader.cpp">
      <Filter>01.Levels\00.Loader</Filter>
    </ClCompile>
    <ClCompile Include="..\Private\Level_Logo.cpp">
      <Filter>01.Levels\01.Logo</Filter>
    </ClCompile>
    <ClCompile Include="..\private\BackGround.cpp">
      <Filter>02.GameObjects\00.BackGround</Filter>
    </ClCompile>
    <ClCompile Include="..\Private\Terrain.cpp">
      <Filter>02.GameObjects\01.Terrain</Filter>
    </ClCompile>
    <ClCompile Include="..\private\GameObj.cpp">
      <Filter>02.GameObjects\99.GameObj</Filter>
    </ClCompile>
    <ClCompile Include="..\private\Player.cpp">
      <Filter>02.GameObjects\99.GameObj\00.Characters\00.Player</Filter>
    </ClCompile>
    <ClCompile Include="..\private\BattleField.cpp">
      <Filter>02.GameObjects\02.Map\00.BattleField</Filter>
    </ClCompile>
    <ClCompile Include="..\Private\Data_Manager.cpp">
      <Filter>96.Data_Manager</Filter>
    </ClCompile>
    <ClCompile Include="..\Private\Camera_Dynamic.cpp">
      <Filter>02.GameObjects</Filter>
    </ClCompile>
    <ClCompile Include="..\private\Rui.cpp">
      <Filter>02.GameObjects\99.GameObj\00.Characters\01.Char\01.Rui</Filter>
    </ClCompile>
    <ClCompile Include="..\Private\MeshObj_Static.cpp">
      <Filter>02.GameObjects\02.Map\01.MeshObj_Static</Filter>
    </ClCompile>
    <ClCompile Include="..\Private\MeshObj_Static_Inst.cpp">
      <Filter>02.GameObjects\02.Map\02.MeshObj_Instancing_Static</Filter>
    </ClCompile>
    <ClCompile Include="..\Private\Akaza.cpp">
      <Filter>02.GameObjects\99.GameObj\00.Characters\01.Char\03.Akaza</Filter>
    </ClCompile>
    <ClCompile Include="..\Private\Tanjiro.cpp">
      <Filter>02.GameObjects\99.GameObj\00.Characters\01.Char\00.Tanjiro</Filter>
    </ClCompile>
    <ClCompile Include="..\Private\TanjiroIdleState.cpp">
      <Filter>02.GameObjects\99.GameObj\00.Characters\01.Char\00.Tanjiro\TanjiroState\Idle</Filter>
    </ClCompile>
    <ClCompile Include="..\Private\Kyoujuro.cpp">
      <Filter>02.GameObjects\99.GameObj\00.Characters\01.Char\02.Kyoujuro</Filter>
    </ClCompile>
    <ClCompile Include="..\Private\TanjiroMoveState.cpp">
      <Filter>02.GameObjects\99.GameObj\00.Characters\01.Char\00.Tanjiro\TanjiroState\Move</Filter>
    </ClCompile>
    <ClCompile Include="..\Private\TanjiroJumpState.cpp">
      <Filter>02.GameObjects\99.GameObj\00.Characters\01.Char\00.Tanjiro\TanjiroState\Jump</Filter>
    </ClCompile>
    <ClCompile Include="..\Private\GaugeBase.cpp">
      <Filter>03.UI\02.Battle\BattleTop\Gague\GaugeBase</Filter>
    </ClCompile>
    <ClCompile Include="..\Private\HpBarBack.cpp">
      <Filter>03.UI\02.Battle\BattleTop\Gague\Bar\Back</Filter>
    </ClCompile>
    <ClCompile Include="..\Private\HpBarDeco.cpp">
      <Filter>03.UI\02.Battle\BattleTop\Gague\Deco</Filter>
    </ClCompile>
    <ClCompile Include="..\Private\SkillBar.cpp">
      <Filter>03.UI\02.Battle\BattleTop\Gague\Bar\SKill</Filter>
    </ClCompile>
    <ClCompile Include="..\Private\HpBar.cpp">
      <Filter>03.UI\02.Battle\BattleTop\Gague\Bar\Hp</Filter>
    </ClCompile>
    <ClCompile Include="..\Private\KyoujuroSheath.cpp">
      <Filter>02.GameObjects\99.GameObj\00.Characters\01.Char\02.Kyoujuro\Sheath</Filter>
    </ClCompile>
    <ClCompile Include="..\Private\KyoujuroWeapon.cpp">
      <Filter>02.GameObjects\99.GameObj\00.Characters\01.Char\02.Kyoujuro\Weapon</Filter>
    </ClCompile>
    <ClCompile Include="..\private\Characters.cpp">
      <Filter>02.GameObjects\99.GameObj\00.Characters</Filter>
    </ClCompile>
    <ClCompile Include="..\Private\TanjiroSheath.cpp">
      <Filter>02.GameObjects\99.GameObj\00.Characters\01.Char\00.Tanjiro\Sheath</Filter>
    </ClCompile>
    <ClCompile Include="..\Private\TanjiroWeapon.cpp">
      <Filter>02.GameObjects\99.GameObj\00.Characters\01.Char\00.Tanjiro\Weapon</Filter>
    </ClCompile>
  </ItemGroup>
  <ItemGroup>
    <Image Include="Client.ico">
      <Filter>98.Default</Filter>
    </Image>
    <Image Include="small.ico">
      <Filter>98.Default</Filter>
    </Image>
  </ItemGroup>
  <ItemGroup>
    <ResourceCompile Include="Client.rc">
      <Filter>98.Default</Filter>
    </ResourceCompile>
  </ItemGroup>
  <ItemGroup>
    <FxCompile Include="..\Bin\ShaderFiles\Shader_VtxTex.hlsl">
      <Filter>97.ShaderFiles</Filter>
    </FxCompile>
    <FxCompile Include="..\Bin\ShaderFiles\Shader_VtxNorTex.hlsl">
      <Filter>97.ShaderFiles</Filter>
    </FxCompile>
    <FxCompile Include="..\Bin\ShaderFiles\Shader_VtxModel.hlsl">
      <Filter>97.ShaderFiles</Filter>
    </FxCompile>
    <FxCompile Include="..\Bin\ShaderFiles\Shader_VtxAnimModel.hlsl">
      <Filter>97.ShaderFiles</Filter>
    </FxCompile>
    <FxCompile Include="..\Bin\ShaderFiles\Shader_VtxRectInstance.hlsl">
      <Filter>97.ShaderFiles</Filter>
    </FxCompile>
    <FxCompile Include="..\Bin\ShaderFiles\Shader_VtxPointInstance.hlsl">
      <Filter>97.ShaderFiles</Filter>
    </FxCompile>
    <FxCompile Include="..\Bin\ShaderFiles\Shader_VtxUIModel.hlsl">
      <Filter>97.ShaderFiles</Filter>
    </FxCompile>
    <FxCompile Include="..\Bin\ShaderFiles\Shader_VtxModelInstance.hlsl">
      <Filter>97.ShaderFiles</Filter>
    </FxCompile>
  </ItemGroup>
</Project>